
Microsoft Visual Studio Solution File, Format Version 12.00
# Visual Studio Version 16
VisualStudioVersion = 16.0.31112.23
MinimumVisualStudioVersion = 10.0.40219.1
Project("{FAE04EC0-301F-11D3-BF4B-00C04F79EFBC}") = "KampIntro", "KampIntro\KampIntro.csproj", "{868C085B-C171-4F74-9E24-18E58C25947C}"
EndProject
Project("{FAE04EC0-301F-11D3-BF4B-00C04F79EFBC}") = "Donguler", "Donguler\Donguler.csproj", "{7A8D227E-EEC3-44B2-AA26-34AA2DCF3DC7}"
EndProject
Project("{FAE04EC0-301F-11D3-BF4B-00C04F79EFBC}") = "ClassIntro", "ClassIntro\ClassIntro.csproj", "{6C302C90-4F4B-47A4-8640-5A00D50F6076}"
EndProject
Project("{FAE04EC0-301F-11D3-BF4B-00C04F79EFBC}") = "Methods", "Methods\Methods.csproj", "{912D0A75-C085-4793-8A72-1181B6E914FA}"
EndProject
Project("{FAE04EC0-301F-11D3-BF4B-00C04F79EFBC}") = "Maths", "Maths\Maths.csproj", "{D60DEEDC-0E26-436E-98D1-45D21AC809B0}"
EndProject
Global
	GlobalSection(SolutionConfigurationPlatforms) = preSolution
		Debug|Any CPU = Debug|Any CPU
		Release|Any CPU = Release|Any CPU
	EndGlobalSection
	GlobalSection(ProjectConfigurationPlatforms) = postSolution
		{868C085B-C171-4F74-9E24-18E58C25947C}.Debug|Any CPU.ActiveCfg = Debug|Any CPU
		{868C085B-C171-4F74-9E24-18E58C25947C}.Debug|Any CPU.Build.0 = Debug|Any CPU
		{868C085B-C171-4F74-9E24-18E58C25947C}.Release|Any CPU.ActiveCfg = Release|Any CPU
		{868C085B-C171-4F74-9E24-18E58C25947C}.Release|Any CPU.Build.0 = Release|Any CPU
		{7A8D227E-EEC3-44B2-AA26-34AA2DCF3DC7}.Debug|Any CPU.ActiveCfg = Debug|Any CPU
		{7A8D227E-EEC3-44B2-AA26-34AA2DCF3DC7}.Debug|Any CPU.Build.0 = Debug|Any CPU
		{7A8D227E-EEC3-44B2-AA26-34AA2DCF3DC7}.Release|Any CPU.ActiveCfg = Release|Any CPU
		{7A8D227E-EEC3-44B2-AA26-34AA2DCF3DC7}.Release|Any CPU.Build.0 = Release|Any CPU
		{6C302C90-4F4B-47A4-8640-5A00D50F6076}.Debug|Any CPU.ActiveCfg = Debug|Any CPU
		{6C302C90-4F4B-47A4-8640-5A00D50F6076}.Debug|Any CPU.Build.0 = Debug|Any CPU
		{6C302C90-4F4B-47A4-8640-5A00D50F6076}.Release|Any CPU.ActiveCfg = Release|Any CPU
		{6C302C90-4F4B-47A4-8640-5A00D50F6076}.Release|Any CPU.Build.0 = Release|Any CPU
		{912D0A75-C085-4793-8A72-1181B6E914FA}.Debug|Any CPU.ActiveCfg = Debug|Any CPU
		{912D0A75-C085-4793-8A72-1181B6E914FA}.Debug|Any CPU.Build.0 = Debug|Any CPU
		{912D0A75-C085-4793-8A72-1181B6E914FA}.Release|Any CPU.ActiveCfg = Release|Any CPU
		{912D0A75-C085-4793-8A72-1181B6E914FA}.Release|Any CPU.Build.0 = Release|Any CPU
		{D60DEEDC-0E26-436E-98D1-45D21AC809B0}.Debug|Any CPU.ActiveCfg = Debug|Any CPU
		{D60DEEDC-0E26-436E-98D1-45D21AC809B0}.Debug|Any CPU.Build.0 = Debug|Any CPU
		{D60DEEDC-0E26-436E-98D1-45D21AC809B0}.Release|Any CPU.ActiveCfg = Release|Any CPU
		{D60DEEDC-0E26-436E-98D1-45D21AC809B0}.Release|Any CPU.Build.0 = Release|Any CPU
	EndGlobalSection
	GlobalSection(SolutionProperties) = preSolution
		HideSolutionNode = FALSE
	EndGlobalSection
	GlobalSection(ExtensibilityGlobals) = postSolution
		SolutionGuid = {93C645CB-4BDD-44F4-A29D-BB01C892700D}
	EndGlobalSection
EndGlobal
